// !$*UTF8*$!
{
	archiveVersion = 1;
	classes = {
	};
	objectVersion = 46;
	objects = {

/* Begin PBXBuildFile section */
		0813D7411EA5A4FF00E5A9CC /* TestPusherManager.swift in Sources */ = {isa = PBXBuildFile; fileRef = 0813D7401EA5A4FF00E5A9CC /* TestPusherManager.swift */; };
		0813D7431EA5A5CB00E5A9CC /* BackendManager.swift in Sources */ = {isa = PBXBuildFile; fileRef = 0813D7421EA5A5CB00E5A9CC /* BackendManager.swift */; };
		081681261DD0217C00A53DE3 /* ScoreboardViewController.swift in Sources */ = {isa = PBXBuildFile; fileRef = 081681251DD0217C00A53DE3 /* ScoreboardViewController.swift */; };
		081681281DD025B700A53DE3 /* GamesListViewController.swift in Sources */ = {isa = PBXBuildFile; fileRef = 081681271DD025B700A53DE3 /* GamesListViewController.swift */; };
		0816812C1DD0268300A53DE3 /* GameTableViewCell.swift in Sources */ = {isa = PBXBuildFile; fileRef = 0816812B1DD0268300A53DE3 /* GameTableViewCell.swift */; };
		081681301DD0297F00A53DE3 /* ScoreListViewController.swift in Sources */ = {isa = PBXBuildFile; fileRef = 0816812F1DD0297F00A53DE3 /* ScoreListViewController.swift */; };
		08264A9A1EC58EDF00D46C02 /* CAHALogoMain.png in Resources */ = {isa = PBXBuildFile; fileRef = 08264A991EC58EDF00D46C02 /* CAHALogoMain.png */; };
		082EAEE61EEE232F005BDEFF /* PopUpPresenter.swift in Sources */ = {isa = PBXBuildFile; fileRef = 082EAEE51EEE232F005BDEFF /* PopUpPresenter.swift */; };
		0832C9A71EC5421800EDEA3E /* Scoreboard.storyboard in Resources */ = {isa = PBXBuildFile; fileRef = 0832C9A51EC5421800EDEA3E /* Scoreboard.storyboard */; };
		0832C9AB1EC54F0E00EDEA3E /* GameCell.xib in Resources */ = {isa = PBXBuildFile; fileRef = 0832C9AA1EC54F0E00EDEA3E /* GameCell.xib */; };
		085A7F3B1EE4FB27003CE989 /* SettingsViewController.swift in Sources */ = {isa = PBXBuildFile; fileRef = 085A7F3A1EE4FB27003CE989 /* SettingsViewController.swift */; };
		085A7F3F1EE500C8003CE989 /* SoundTableViewCell.swift in Sources */ = {isa = PBXBuildFile; fileRef = 085A7F3D1EE500C8003CE989 /* SoundTableViewCell.swift */; };
		085A7F401EE500C8003CE989 /* SoundTableViewCell.xib in Resources */ = {isa = PBXBuildFile; fileRef = 085A7F3E1EE500C8003CE989 /* SoundTableViewCell.xib */; };
		085A7F431EE502C7003CE989 /* ScreenSaverTableViewCell.swift in Sources */ = {isa = PBXBuildFile; fileRef = 085A7F411EE502C7003CE989 /* ScreenSaverTableViewCell.swift */; };
		085A7F441EE502C7003CE989 /* ScreenSaverTableViewCell.xib in Resources */ = {isa = PBXBuildFile; fileRef = 085A7F421EE502C7003CE989 /* ScreenSaverTableViewCell.xib */; };
		085A7F471EE5041B003CE989 /* MyClubCell.swift in Sources */ = {isa = PBXBuildFile; fileRef = 085A7F451EE5041B003CE989 /* MyClubCell.swift */; };
		085A7F481EE5041B003CE989 /* MyClubCell.xib in Resources */ = {isa = PBXBuildFile; fileRef = 085A7F461EE5041B003CE989 /* MyClubCell.xib */; };
		085A7F4B1EE50497003CE989 /* MyTeamCell.swift in Sources */ = {isa = PBXBuildFile; fileRef = 085A7F491EE50497003CE989 /* MyTeamCell.swift */; };
		085A7F4C1EE50497003CE989 /* MyTeamCell.xib in Resources */ = {isa = PBXBuildFile; fileRef = 085A7F4A1EE50497003CE989 /* MyTeamCell.xib */; };
		085A7F4E1EE521F6003CE989 /* MyClubPopUpView.swift in Sources */ = {isa = PBXBuildFile; fileRef = 085A7F4D1EE521F6003CE989 /* MyClubPopUpView.swift */; };
		085A7F501EE52A53003CE989 /* MyTeamPopUpView.swift in Sources */ = {isa = PBXBuildFile; fileRef = 085A7F4F1EE52A53003CE989 /* MyTeamPopUpView.swift */; };
		08849B071DE8E5F800DE41DB /* RosterViewController.swift in Sources */ = {isa = PBXBuildFile; fileRef = 08849B061DE8E5F800DE41DB /* RosterViewController.swift */; };
		08849B091DE8E7D300DE41DB /* RosterTableViewCell.swift in Sources */ = {isa = PBXBuildFile; fileRef = 08849B081DE8E7D300DE41DB /* RosterTableViewCell.swift */; };
		0888BA091DD159ED00C2B1F9 /* GameModel.swift in Sources */ = {isa = PBXBuildFile; fileRef = 0888BA081DD159ED00C2B1F9 /* GameModel.swift */; };
		0889CFA61E00D8CD00B97075 /* digital-7.ttf in Resources */ = {isa = PBXBuildFile; fileRef = 0889CFA51E00D8CD00B97075 /* digital-7.ttf */; };
		0889CFB51E00DEE300B97075 /* blue-devils-logo.jpg in Resources */ = {isa = PBXBuildFile; fileRef = 0889CFA81E00DEE300B97075 /* blue-devils-logo.jpg */; };
		0889CFB61E00DEE300B97075 /* capital-thunder-logo.gif in Resources */ = {isa = PBXBuildFile; fileRef = 0889CFA91E00DEE300B97075 /* capital-thunder-logo.gif */; };
		0889CFB71E00DEE300B97075 /* cougars-logo.jpg in Resources */ = {isa = PBXBuildFile; fileRef = 0889CFAA1E00DEE300B97075 /* cougars-logo.jpg */; };
		0889CFB81E00DEE300B97075 /* fresno-monsters-logo.jpg in Resources */ = {isa = PBXBuildFile; fileRef = 0889CFAB1E00DEE300B97075 /* fresno-monsters-logo.jpg */; };
		0889CFB91E00DEE300B97075 /* jr-sharks-logo.jpg in Resources */ = {isa = PBXBuildFile; fileRef = 0889CFAC1E00DEE300B97075 /* jr-sharks-logo.jpg */; };
		0889CFBA1E00DEE300B97075 /* oakland-bears-logo.jpg in Resources */ = {isa = PBXBuildFile; fileRef = 0889CFAD1E00DEE300B97075 /* oakland-bears-logo.jpg */; };
		0889CFBB1E00DEE300B97075 /* redwood-city-blackstars-logo.jpg in Resources */ = {isa = PBXBuildFile; fileRef = 0889CFAE1E00DEE300B97075 /* redwood-city-blackstars-logo.jpg */; };
		0889CFBC1E00DEE300B97075 /* santa-clara-blackhaws-logo.gif in Resources */ = {isa = PBXBuildFile; fileRef = 0889CFAF1E00DEE300B97075 /* santa-clara-blackhaws-logo.gif */; };
		0889CFBD1E00DEE300B97075 /* santa-rosa-flyers-logo.jpg in Resources */ = {isa = PBXBuildFile; fileRef = 0889CFB01E00DEE300B97075 /* santa-rosa-flyers-logo.jpg */; };
		0889CFBE1E00DEE300B97075 /* sf-sabercats-logo.png in Resources */ = {isa = PBXBuildFile; fileRef = 0889CFB11E00DEE300B97075 /* sf-sabercats-logo.png */; };
		0889CFBF1E00DEE300B97075 /* stockton-colts-logo.gif in Resources */ = {isa = PBXBuildFile; fileRef = 0889CFB21E00DEE300B97075 /* stockton-colts-logo.gif */; };
		0889CFC01E00DEE300B97075 /* tahoe-grizzlies-logo.jpg in Resources */ = {isa = PBXBuildFile; fileRef = 0889CFB31E00DEE300B97075 /* tahoe-grizzlies-logo.jpg */; };
		0889CFC11E00DEE300B97075 /* vacaville-jets-logo.jpg in Resources */ = {isa = PBXBuildFile; fileRef = 0889CFB41E00DEE300B97075 /* vacaville-jets-logo.jpg */; };
		0889CFC71E00F7E700B97075 /* GameCell.swift in Sources */ = {isa = PBXBuildFile; fileRef = 0889CFC61E00F7E700B97075 /* GameCell.swift */; };
		089089CA1DE29DF100EAEDB4 /* ScoreboardModel.swift in Sources */ = {isa = PBXBuildFile; fileRef = 089089C91DE29DF100EAEDB4 /* ScoreboardModel.swift */; };
		0895A3591E03A23000B2FC8B /* goal-horn.mp3 in Resources */ = {isa = PBXBuildFile; fileRef = 0895A3581E03A23000B2FC8B /* goal-horn.mp3 */; };
		08AB57C51DD16B7A00E354E4 /* ScoreModel.swift in Sources */ = {isa = PBXBuildFile; fileRef = 08AB57C41DD16B7A00E354E4 /* ScoreModel.swift */; };
		08AB57C71DD16C1800E354E4 /* PlayerModel.swift in Sources */ = {isa = PBXBuildFile; fileRef = 08AB57C61DD16C1800E354E4 /* PlayerModel.swift */; };
		08AB58051DD172D100E354E4 /* PenaltyModel.swift in Sources */ = {isa = PBXBuildFile; fileRef = 08AB58041DD172D100E354E4 /* PenaltyModel.swift */; };
		08D935151DE4F813002A63DE /* Encryptor.swift in Sources */ = {isa = PBXBuildFile; fileRef = 08D935141DE4F813002A63DE /* Encryptor.swift */; };
		08DC67CD1DD0158400FD688C /* AppDelegate.swift in Sources */ = {isa = PBXBuildFile; fileRef = 08DC67CC1DD0158400FD688C /* AppDelegate.swift */; };
		08DC67D21DD0158400FD688C /* Main.storyboard in Resources */ = {isa = PBXBuildFile; fileRef = 08DC67D01DD0158400FD688C /* Main.storyboard */; };
		08DC67D41DD0158400FD688C /* Assets.xcassets in Resources */ = {isa = PBXBuildFile; fileRef = 08DC67D31DD0158400FD688C /* Assets.xcassets */; };
		08DC67D71DD0158400FD688C /* LaunchScreen.storyboard in Resources */ = {isa = PBXBuildFile; fileRef = 08DC67D51DD0158400FD688C /* LaunchScreen.storyboard */; };
		08DDE0621EDE7D96004166BC /* Hockey Filled-50.png in Resources */ = {isa = PBXBuildFile; fileRef = 08DDE0601EDE7D96004166BC /* Hockey Filled-50.png */; };
		08DDE0631EDE7D96004166BC /* Hockey-50.png in Resources */ = {isa = PBXBuildFile; fileRef = 08DDE0611EDE7D96004166BC /* Hockey-50.png */; };
		08EB6E541DDFD02E0043CFA9 /* PusherManager.swift in Sources */ = {isa = PBXBuildFile; fileRef = 08EB6E531DDFD02E0043CFA9 /* PusherManager.swift */; };
		08EB6E561DDFD04D0043CFA9 /* Constants.swift in Sources */ = {isa = PBXBuildFile; fileRef = 08EB6E551DDFD04D0043CFA9 /* Constants.swift */; };
		08F087BF1DD14A6C006E5963 /* ScoreListTableViewCell.swift in Sources */ = {isa = PBXBuildFile; fileRef = 08F087BE1DD14A6C006E5963 /* ScoreListTableViewCell.swift */; };
		08F087C11DD14BAB006E5963 /* PenaltyListViewController.swift in Sources */ = {isa = PBXBuildFile; fileRef = 08F087C01DD14BAB006E5963 /* PenaltyListViewController.swift */; };
		08F087C31DD14BFE006E5963 /* PenaltyListTableViewCell.swift in Sources */ = {isa = PBXBuildFile; fileRef = 08F087C21DD14BFE006E5963 /* PenaltyListTableViewCell.swift */; };
		08F2938E1EE8FD85005D09CF /* MyClubViewController.swift in Sources */ = {isa = PBXBuildFile; fileRef = 08F2938D1EE8FD85005D09CF /* MyClubViewController.swift */; };
		08F293901EE90190005D09CF /* MyTeamViewController.swift in Sources */ = {isa = PBXBuildFile; fileRef = 08F2938F1EE90190005D09CF /* MyTeamViewController.swift */; };
		08F863E71EEC87FC0038AC6D /* UserSettings.swift in Sources */ = {isa = PBXBuildFile; fileRef = 08F863E61EEC87FC0038AC6D /* UserSettings.swift */; };
		08F863E91EEC92160038AC6D /* UserSettingsTests.swift in Sources */ = {isa = PBXBuildFile; fileRef = 08F863E81EEC92160038AC6D /* UserSettingsTests.swift */; };
		08F863EC1EECAEE40038AC6D /* ClubCell.swift in Sources */ = {isa = PBXBuildFile; fileRef = 08F863EA1EECAEE40038AC6D /* ClubCell.swift */; };
		08F863ED1EECAEE40038AC6D /* ClubCell.xib in Resources */ = {isa = PBXBuildFile; fileRef = 08F863EB1EECAEE40038AC6D /* ClubCell.xib */; };
		08F863F01EECAF230038AC6D /* TeamCell.swift in Sources */ = {isa = PBXBuildFile; fileRef = 08F863EE1EECAF230038AC6D /* TeamCell.swift */; };
		08F863F11EECAF230038AC6D /* TeamCell.xib in Resources */ = {isa = PBXBuildFile; fileRef = 08F863EF1EECAF230038AC6D /* TeamCell.xib */; };
		2E080F011A63B2F611321BF4 /* Pods_Scoreboard.framework in Frameworks */ = {isa = PBXBuildFile; fileRef = 67422FD65D35FC9CD1E51A3E /* Pods_Scoreboard.framework */; };
		6150424D802DF74CEFDE134F /* Pods_ScoreboardTests.framework in Frameworks */ = {isa = PBXBuildFile; fileRef = 3B4FDD987B3DD84C400408C5 /* Pods_ScoreboardTests.framework */; };
		6181E22E9E500DC3B062E3C3 /* Pods_ScoreboardUITests.framework in Frameworks */ = {isa = PBXBuildFile; fileRef = 1164CA3C95F7123926375574 /* Pods_ScoreboardUITests.framework */; };
		BD2785591ED55F0B009F702E /* norcal logo-splash screen.png in Resources */ = {isa = PBXBuildFile; fileRef = BD2785581ED55F0B009F702E /* norcal logo-splash screen.png */; };
		BD27855B1ED55F19009F702E /* norcal logo_circle.png in Resources */ = {isa = PBXBuildFile; fileRef = BD27855A1ED55F19009F702E /* norcal logo_circle.png */; };
		BDC55CDD1ED5736200A2D1AB /* background-ice1.jpg in Resources */ = {isa = PBXBuildFile; fileRef = BDC55CDC1ED5736200A2D1AB /* background-ice1.jpg */; };
		BDE6C7531EDE9C4D00CBEC06 /* Settings Filled-50.png in Resources */ = {isa = PBXBuildFile; fileRef = BDE6C7511EDE9C4D00CBEC06 /* Settings Filled-50.png */; };
		BDE6C7541EDE9C4D00CBEC06 /* Settings-50.png in Resources */ = {isa = PBXBuildFile; fileRef = BDE6C7521EDE9C4D00CBEC06 /* Settings-50.png */; };
		BDE6C7571EDE9C6300CBEC06 /* User Groups Filled-50.png in Resources */ = {isa = PBXBuildFile; fileRef = BDE6C7551EDE9C6300CBEC06 /* User Groups Filled-50.png */; };
		BDE6C7581EDE9C6300CBEC06 /* User Groups-50.png in Resources */ = {isa = PBXBuildFile; fileRef = BDE6C7561EDE9C6300CBEC06 /* User Groups-50.png */; };
		BDFADF601EDE8E0200E196F1 /* Teams Filled-50.png in Resources */ = {isa = PBXBuildFile; fileRef = BDFADF5E1EDE8E0200E196F1 /* Teams Filled-50.png */; };
		BDFADF611EDE8E0200E196F1 /* Teams-50.png in Resources */ = {isa = PBXBuildFile; fileRef = BDFADF5F1EDE8E0200E196F1 /* Teams-50.png */; };
/* End PBXBuildFile section */

/* Begin PBXContainerItemProxy section */
		08DC67DE1DD0158400FD688C /* PBXContainerItemProxy */ = {
			isa = PBXContainerItemProxy;
			containerPortal = 08DC67C11DD0158400FD688C /* Project object */;
			proxyType = 1;
			remoteGlobalIDString = 08DC67C81DD0158400FD688C;
			remoteInfo = Scoreboard;
		};
		08DC67E91DD0158400FD688C /* PBXContainerItemProxy */ = {
			isa = PBXContainerItemProxy;
			containerPortal = 08DC67C11DD0158400FD688C /* Project object */;
			proxyType = 1;
			remoteGlobalIDString = 08DC67C81DD0158400FD688C;
			remoteInfo = Scoreboard;
		};
/* End PBXContainerItemProxy section */

/* Begin PBXFileReference section */
		0813D7401EA5A4FF00E5A9CC /* TestPusherManager.swift */ = {isa = PBXFileReference; fileEncoding = 4; lastKnownFileType = sourcecode.swift; path = TestPusherManager.swift; sourceTree = "<group>"; };
		0813D7421EA5A5CB00E5A9CC /* BackendManager.swift */ = {isa = PBXFileReference; fileEncoding = 4; lastKnownFileType = sourcecode.swift; path = BackendManager.swift; sourceTree = "<group>"; };
		081681251DD0217C00A53DE3 /* ScoreboardViewController.swift */ = {isa = PBXFileReference; fileEncoding = 4; lastKnownFileType = sourcecode.swift; path = ScoreboardViewController.swift; sourceTree = "<group>"; };
		081681271DD025B700A53DE3 /* GamesListViewController.swift */ = {isa = PBXFileReference; fileEncoding = 4; lastKnownFileType = sourcecode.swift; path = GamesListViewController.swift; sourceTree = "<group>"; };
		0816812B1DD0268300A53DE3 /* GameTableViewCell.swift */ = {isa = PBXFileReference; fileEncoding = 4; lastKnownFileType = sourcecode.swift; path = GameTableViewCell.swift; sourceTree = "<group>"; };
		0816812F1DD0297F00A53DE3 /* ScoreListViewController.swift */ = {isa = PBXFileReference; fileEncoding = 4; lastKnownFileType = sourcecode.swift; path = ScoreListViewController.swift; sourceTree = "<group>"; };
		08264A991EC58EDF00D46C02 /* CAHALogoMain.png */ = {isa = PBXFileReference; lastKnownFileType = image.png; name = CAHALogoMain.png; path = images/CAHALogoMain.png; sourceTree = SOURCE_ROOT; };
		082EAEE51EEE232F005BDEFF /* PopUpPresenter.swift */ = {isa = PBXFileReference; fileEncoding = 4; lastKnownFileType = sourcecode.swift; path = PopUpPresenter.swift; sourceTree = "<group>"; };
		0832C9A61EC5421800EDEA3E /* Base */ = {isa = PBXFileReference; lastKnownFileType = file.storyboard; name = Base; path = Base.lproj/Scoreboard.storyboard; sourceTree = "<group>"; };
		0832C9AA1EC54F0E00EDEA3E /* GameCell.xib */ = {isa = PBXFileReference; fileEncoding = 4; lastKnownFileType = file.xib; path = GameCell.xib; sourceTree = "<group>"; };
		085A7F3A1EE4FB27003CE989 /* SettingsViewController.swift */ = {isa = PBXFileReference; fileEncoding = 4; lastKnownFileType = sourcecode.swift; path = SettingsViewController.swift; sourceTree = "<group>"; };
		085A7F3D1EE500C8003CE989 /* SoundTableViewCell.swift */ = {isa = PBXFileReference; fileEncoding = 4; lastKnownFileType = sourcecode.swift; path = SoundTableViewCell.swift; sourceTree = "<group>"; };
		085A7F3E1EE500C8003CE989 /* SoundTableViewCell.xib */ = {isa = PBXFileReference; fileEncoding = 4; lastKnownFileType = file.xib; path = SoundTableViewCell.xib; sourceTree = "<group>"; };
		085A7F411EE502C7003CE989 /* ScreenSaverTableViewCell.swift */ = {isa = PBXFileReference; fileEncoding = 4; lastKnownFileType = sourcecode.swift; path = ScreenSaverTableViewCell.swift; sourceTree = "<group>"; };
		085A7F421EE502C7003CE989 /* ScreenSaverTableViewCell.xib */ = {isa = PBXFileReference; fileEncoding = 4; lastKnownFileType = file.xib; path = ScreenSaverTableViewCell.xib; sourceTree = "<group>"; };
		085A7F451EE5041B003CE989 /* MyClubCell.swift */ = {isa = PBXFileReference; fileEncoding = 4; lastKnownFileType = sourcecode.swift; path = MyClubCell.swift; sourceTree = "<group>"; };
		085A7F461EE5041B003CE989 /* MyClubCell.xib */ = {isa = PBXFileReference; fileEncoding = 4; lastKnownFileType = file.xib; path = MyClubCell.xib; sourceTree = "<group>"; };
		085A7F491EE50497003CE989 /* MyTeamCell.swift */ = {isa = PBXFileReference; fileEncoding = 4; lastKnownFileType = sourcecode.swift; path = MyTeamCell.swift; sourceTree = "<group>"; };
		085A7F4A1EE50497003CE989 /* MyTeamCell.xib */ = {isa = PBXFileReference; fileEncoding = 4; lastKnownFileType = file.xib; path = MyTeamCell.xib; sourceTree = "<group>"; };
		085A7F4D1EE521F6003CE989 /* MyClubPopUpView.swift */ = {isa = PBXFileReference; fileEncoding = 4; lastKnownFileType = sourcecode.swift; path = MyClubPopUpView.swift; sourceTree = "<group>"; };
		085A7F4F1EE52A53003CE989 /* MyTeamPopUpView.swift */ = {isa = PBXFileReference; fileEncoding = 4; lastKnownFileType = sourcecode.swift; path = MyTeamPopUpView.swift; sourceTree = "<group>"; };
		08849B061DE8E5F800DE41DB /* RosterViewController.swift */ = {isa = PBXFileReference; fileEncoding = 4; lastKnownFileType = sourcecode.swift; path = RosterViewController.swift; sourceTree = "<group>"; };
		08849B081DE8E7D300DE41DB /* RosterTableViewCell.swift */ = {isa = PBXFileReference; fileEncoding = 4; lastKnownFileType = sourcecode.swift; path = RosterTableViewCell.swift; sourceTree = "<group>"; };
		0888BA081DD159ED00C2B1F9 /* GameModel.swift */ = {isa = PBXFileReference; fileEncoding = 4; lastKnownFileType = sourcecode.swift; path = GameModel.swift; sourceTree = "<group>"; };
		0889CFA51E00D8CD00B97075 /* digital-7.ttf */ = {isa = PBXFileReference; lastKnownFileType = file; name = "digital-7.ttf"; path = "style-7_digital-7/digital-7.ttf"; sourceTree = SOURCE_ROOT; };
		0889CFA81E00DEE300B97075 /* blue-devils-logo.jpg */ = {isa = PBXFileReference; lastKnownFileType = image.jpeg; name = "blue-devils-logo.jpg"; path = "images/blue-devils-logo.jpg"; sourceTree = SOURCE_ROOT; };
		0889CFA91E00DEE300B97075 /* capital-thunder-logo.gif */ = {isa = PBXFileReference; lastKnownFileType = image.gif; name = "capital-thunder-logo.gif"; path = "images/capital-thunder-logo.gif"; sourceTree = SOURCE_ROOT; };
		0889CFAA1E00DEE300B97075 /* cougars-logo.jpg */ = {isa = PBXFileReference; lastKnownFileType = image.jpeg; name = "cougars-logo.jpg"; path = "images/cougars-logo.jpg"; sourceTree = SOURCE_ROOT; };
		0889CFAB1E00DEE300B97075 /* fresno-monsters-logo.jpg */ = {isa = PBXFileReference; lastKnownFileType = image.jpeg; name = "fresno-monsters-logo.jpg"; path = "images/fresno-monsters-logo.jpg"; sourceTree = SOURCE_ROOT; };
		0889CFAC1E00DEE300B97075 /* jr-sharks-logo.jpg */ = {isa = PBXFileReference; lastKnownFileType = image.jpeg; name = "jr-sharks-logo.jpg"; path = "images/jr-sharks-logo.jpg"; sourceTree = SOURCE_ROOT; };
		0889CFAD1E00DEE300B97075 /* oakland-bears-logo.jpg */ = {isa = PBXFileReference; lastKnownFileType = image.jpeg; name = "oakland-bears-logo.jpg"; path = "images/oakland-bears-logo.jpg"; sourceTree = SOURCE_ROOT; };
		0889CFAE1E00DEE300B97075 /* redwood-city-blackstars-logo.jpg */ = {isa = PBXFileReference; lastKnownFileType = image.jpeg; name = "redwood-city-blackstars-logo.jpg"; path = "images/redwood-city-blackstars-logo.jpg"; sourceTree = SOURCE_ROOT; };
		0889CFAF1E00DEE300B97075 /* santa-clara-blackhaws-logo.gif */ = {isa = PBXFileReference; lastKnownFileType = image.gif; name = "santa-clara-blackhaws-logo.gif"; path = "images/santa-clara-blackhaws-logo.gif"; sourceTree = SOURCE_ROOT; };
		0889CFB01E00DEE300B97075 /* santa-rosa-flyers-logo.jpg */ = {isa = PBXFileReference; lastKnownFileType = image.jpeg; name = "santa-rosa-flyers-logo.jpg"; path = "images/santa-rosa-flyers-logo.jpg"; sourceTree = SOURCE_ROOT; };
		0889CFB11E00DEE300B97075 /* sf-sabercats-logo.png */ = {isa = PBXFileReference; lastKnownFileType = image.png; name = "sf-sabercats-logo.png"; path = "images/sf-sabercats-logo.png"; sourceTree = SOURCE_ROOT; };
		0889CFB21E00DEE300B97075 /* stockton-colts-logo.gif */ = {isa = PBXFileReference; lastKnownFileType = image.gif; name = "stockton-colts-logo.gif"; path = "images/stockton-colts-logo.gif"; sourceTree = SOURCE_ROOT; };
		0889CFB31E00DEE300B97075 /* tahoe-grizzlies-logo.jpg */ = {isa = PBXFileReference; lastKnownFileType = image.jpeg; name = "tahoe-grizzlies-logo.jpg"; path = "images/tahoe-grizzlies-logo.jpg"; sourceTree = SOURCE_ROOT; };
		0889CFB41E00DEE300B97075 /* vacaville-jets-logo.jpg */ = {isa = PBXFileReference; lastKnownFileType = image.jpeg; name = "vacaville-jets-logo.jpg"; path = "images/vacaville-jets-logo.jpg"; sourceTree = SOURCE_ROOT; };
		0889CFC61E00F7E700B97075 /* GameCell.swift */ = {isa = PBXFileReference; fileEncoding = 4; lastKnownFileType = sourcecode.swift; path = GameCell.swift; sourceTree = "<group>"; };
		089089C91DE29DF100EAEDB4 /* ScoreboardModel.swift */ = {isa = PBXFileReference; fileEncoding = 4; lastKnownFileType = sourcecode.swift; path = ScoreboardModel.swift; sourceTree = "<group>"; };
		0895A3581E03A23000B2FC8B /* goal-horn.mp3 */ = {isa = PBXFileReference; lastKnownFileType = audio.mp3; name = "goal-horn.mp3"; path = "sounds/goal-horn.mp3"; sourceTree = SOURCE_ROOT; };
		08AB57C41DD16B7A00E354E4 /* ScoreModel.swift */ = {isa = PBXFileReference; fileEncoding = 4; lastKnownFileType = sourcecode.swift; path = ScoreModel.swift; sourceTree = "<group>"; };
		08AB57C61DD16C1800E354E4 /* PlayerModel.swift */ = {isa = PBXFileReference; fileEncoding = 4; lastKnownFileType = sourcecode.swift; path = PlayerModel.swift; sourceTree = "<group>"; };
		08AB58041DD172D100E354E4 /* PenaltyModel.swift */ = {isa = PBXFileReference; fileEncoding = 4; lastKnownFileType = sourcecode.swift; path = PenaltyModel.swift; sourceTree = "<group>"; };
		08D935111DE4F74E002A63DE /* Scoreboard-Bridging-Header.h */ = {isa = PBXFileReference; lastKnownFileType = sourcecode.c.h; path = "Scoreboard-Bridging-Header.h"; sourceTree = "<group>"; };
		08D935141DE4F813002A63DE /* Encryptor.swift */ = {isa = PBXFileReference; fileEncoding = 4; lastKnownFileType = sourcecode.swift; path = Encryptor.swift; sourceTree = "<group>"; };
		08DC67C91DD0158400FD688C /* Scoreboard.app */ = {isa = PBXFileReference; explicitFileType = wrapper.application; includeInIndex = 0; path = Scoreboard.app; sourceTree = BUILT_PRODUCTS_DIR; };
		08DC67CC1DD0158400FD688C /* AppDelegate.swift */ = {isa = PBXFileReference; lastKnownFileType = sourcecode.swift; path = AppDelegate.swift; sourceTree = "<group>"; };
		08DC67D11DD0158400FD688C /* Base */ = {isa = PBXFileReference; lastKnownFileType = file.storyboard; name = Base; path = Base.lproj/Main.storyboard; sourceTree = "<group>"; };
		08DC67D31DD0158400FD688C /* Assets.xcassets */ = {isa = PBXFileReference; lastKnownFileType = folder.assetcatalog; path = Assets.xcassets; sourceTree = "<group>"; };
		08DC67D61DD0158400FD688C /* Base */ = {isa = PBXFileReference; lastKnownFileType = file.storyboard; name = Base; path = Base.lproj/LaunchScreen.storyboard; sourceTree = "<group>"; };
		08DC67D81DD0158400FD688C /* Info.plist */ = {isa = PBXFileReference; lastKnownFileType = text.plist.xml; path = Info.plist; sourceTree = "<group>"; };
		08DC67DD1DD0158400FD688C /* ScoreboardTests.xctest */ = {isa = PBXFileReference; explicitFileType = wrapper.cfbundle; includeInIndex = 0; path = ScoreboardTests.xctest; sourceTree = BUILT_PRODUCTS_DIR; };
		08DC67E31DD0158400FD688C /* Info.plist */ = {isa = PBXFileReference; lastKnownFileType = text.plist.xml; path = Info.plist; sourceTree = "<group>"; };
		08DC67E81DD0158400FD688C /* ScoreboardUITests.xctest */ = {isa = PBXFileReference; explicitFileType = wrapper.cfbundle; includeInIndex = 0; path = ScoreboardUITests.xctest; sourceTree = BUILT_PRODUCTS_DIR; };
		08DC67EE1DD0158400FD688C /* Info.plist */ = {isa = PBXFileReference; lastKnownFileType = text.plist.xml; path = Info.plist; sourceTree = "<group>"; };
		08DDE0601EDE7D96004166BC /* Hockey Filled-50.png */ = {isa = PBXFileReference; lastKnownFileType = image.png; name = "Hockey Filled-50.png"; path = "images/Hockey Filled-50.png"; sourceTree = SOURCE_ROOT; };
		08DDE0611EDE7D96004166BC /* Hockey-50.png */ = {isa = PBXFileReference; lastKnownFileType = image.png; name = "Hockey-50.png"; path = "images/Hockey-50.png"; sourceTree = SOURCE_ROOT; };
		08EB6E531DDFD02E0043CFA9 /* PusherManager.swift */ = {isa = PBXFileReference; fileEncoding = 4; lastKnownFileType = sourcecode.swift; path = PusherManager.swift; sourceTree = "<group>"; };
		08EB6E551DDFD04D0043CFA9 /* Constants.swift */ = {isa = PBXFileReference; fileEncoding = 4; lastKnownFileType = sourcecode.swift; path = Constants.swift; sourceTree = "<group>"; };
		08F087BE1DD14A6C006E5963 /* ScoreListTableViewCell.swift */ = {isa = PBXFileReference; fileEncoding = 4; lastKnownFileType = sourcecode.swift; path = ScoreListTableViewCell.swift; sourceTree = "<group>"; };
		08F087C01DD14BAB006E5963 /* PenaltyListViewController.swift */ = {isa = PBXFileReference; fileEncoding = 4; lastKnownFileType = sourcecode.swift; path = PenaltyListViewController.swift; sourceTree = "<group>"; };
		08F087C21DD14BFE006E5963 /* PenaltyListTableViewCell.swift */ = {isa = PBXFileReference; fileEncoding = 4; lastKnownFileType = sourcecode.swift; path = PenaltyListTableViewCell.swift; sourceTree = "<group>"; };
		08F2938D1EE8FD85005D09CF /* MyClubViewController.swift */ = {isa = PBXFileReference; fileEncoding = 4; lastKnownFileType = sourcecode.swift; path = MyClubViewController.swift; sourceTree = "<group>"; };
		08F2938F1EE90190005D09CF /* MyTeamViewController.swift */ = {isa = PBXFileReference; fileEncoding = 4; lastKnownFileType = sourcecode.swift; path = MyTeamViewController.swift; sourceTree = "<group>"; };
		08F863E61EEC87FC0038AC6D /* UserSettings.swift */ = {isa = PBXFileReference; fileEncoding = 4; lastKnownFileType = sourcecode.swift; path = UserSettings.swift; sourceTree = "<group>"; };
		08F863E81EEC92160038AC6D /* UserSettingsTests.swift */ = {isa = PBXFileReference; fileEncoding = 4; lastKnownFileType = sourcecode.swift; path = UserSettingsTests.swift; sourceTree = "<group>"; };
		08F863EA1EECAEE40038AC6D /* ClubCell.swift */ = {isa = PBXFileReference; fileEncoding = 4; lastKnownFileType = sourcecode.swift; path = ClubCell.swift; sourceTree = "<group>"; };
		08F863EB1EECAEE40038AC6D /* ClubCell.xib */ = {isa = PBXFileReference; fileEncoding = 4; lastKnownFileType = file.xib; path = ClubCell.xib; sourceTree = "<group>"; };
		08F863EE1EECAF230038AC6D /* TeamCell.swift */ = {isa = PBXFileReference; fileEncoding = 4; lastKnownFileType = sourcecode.swift; path = TeamCell.swift; sourceTree = "<group>"; };
		08F863EF1EECAF230038AC6D /* TeamCell.xib */ = {isa = PBXFileReference; fileEncoding = 4; lastKnownFileType = file.xib; path = TeamCell.xib; sourceTree = "<group>"; };
		1164CA3C95F7123926375574 /* Pods_ScoreboardUITests.framework */ = {isa = PBXFileReference; explicitFileType = wrapper.framework; includeInIndex = 0; path = Pods_ScoreboardUITests.framework; sourceTree = BUILT_PRODUCTS_DIR; };
		2EBB742F0C2B27800DA38D01 /* Pods-Scoreboard.release.xcconfig */ = {isa = PBXFileReference; includeInIndex = 1; lastKnownFileType = text.xcconfig; name = "Pods-Scoreboard.release.xcconfig"; path = "Pods/Target Support Files/Pods-Scoreboard/Pods-Scoreboard.release.xcconfig"; sourceTree = "<group>"; };
		3B4FDD987B3DD84C400408C5 /* Pods_ScoreboardTests.framework */ = {isa = PBXFileReference; explicitFileType = wrapper.framework; includeInIndex = 0; path = Pods_ScoreboardTests.framework; sourceTree = BUILT_PRODUCTS_DIR; };
		404755C3A2A8A1A6004B241A /* Pods-ScoreboardTests.debug.xcconfig */ = {isa = PBXFileReference; includeInIndex = 1; lastKnownFileType = text.xcconfig; name = "Pods-ScoreboardTests.debug.xcconfig"; path = "Pods/Target Support Files/Pods-ScoreboardTests/Pods-ScoreboardTests.debug.xcconfig"; sourceTree = "<group>"; };
		500103741FFD797ECCDDAFC2 /* Pods-ScoreboardTests.release.xcconfig */ = {isa = PBXFileReference; includeInIndex = 1; lastKnownFileType = text.xcconfig; name = "Pods-ScoreboardTests.release.xcconfig"; path = "Pods/Target Support Files/Pods-ScoreboardTests/Pods-ScoreboardTests.release.xcconfig"; sourceTree = "<group>"; };
		65A304582248724A5A7DF063 /* Pods-ScoreboardUITests.release.xcconfig */ = {isa = PBXFileReference; includeInIndex = 1; lastKnownFileType = text.xcconfig; name = "Pods-ScoreboardUITests.release.xcconfig"; path = "Pods/Target Support Files/Pods-ScoreboardUITests/Pods-ScoreboardUITests.release.xcconfig"; sourceTree = "<group>"; };
		67422FD65D35FC9CD1E51A3E /* Pods_Scoreboard.framework */ = {isa = PBXFileReference; explicitFileType = wrapper.framework; includeInIndex = 0; path = Pods_Scoreboard.framework; sourceTree = BUILT_PRODUCTS_DIR; };
		8D255264F93151359986B038 /* Pods-ScoreboardUITests.debug.xcconfig */ = {isa = PBXFileReference; includeInIndex = 1; lastKnownFileType = text.xcconfig; name = "Pods-ScoreboardUITests.debug.xcconfig"; path = "Pods/Target Support Files/Pods-ScoreboardUITests/Pods-ScoreboardUITests.debug.xcconfig"; sourceTree = "<group>"; };
		90B036ADD5DC301BCF30F1E2 /* Pods-Scoreboard.debug.xcconfig */ = {isa = PBXFileReference; includeInIndex = 1; lastKnownFileType = text.xcconfig; name = "Pods-Scoreboard.debug.xcconfig"; path = "Pods/Target Support Files/Pods-Scoreboard/Pods-Scoreboard.debug.xcconfig"; sourceTree = "<group>"; };
		BD2785581ED55F0B009F702E /* norcal logo-splash screen.png */ = {isa = PBXFileReference; lastKnownFileType = image.png; name = "norcal logo-splash screen.png"; path = "images/norcal logo-splash screen.png"; sourceTree = SOURCE_ROOT; };
		BD27855A1ED55F19009F702E /* norcal logo_circle.png */ = {isa = PBXFileReference; lastKnownFileType = image.png; name = "norcal logo_circle.png"; path = "images/norcal logo_circle.png"; sourceTree = SOURCE_ROOT; };
		BDC55CDC1ED5736200A2D1AB /* background-ice1.jpg */ = {isa = PBXFileReference; lastKnownFileType = image.jpeg; name = "background-ice1.jpg"; path = "images/background-ice1.jpg"; sourceTree = SOURCE_ROOT; };
		BDE6C7511EDE9C4D00CBEC06 /* Settings Filled-50.png */ = {isa = PBXFileReference; lastKnownFileType = image.png; name = "Settings Filled-50.png"; path = "images/Settings Filled-50.png"; sourceTree = SOURCE_ROOT; };
		BDE6C7521EDE9C4D00CBEC06 /* Settings-50.png */ = {isa = PBXFileReference; lastKnownFileType = image.png; name = "Settings-50.png"; path = "images/Settings-50.png"; sourceTree = SOURCE_ROOT; };
		BDE6C7551EDE9C6300CBEC06 /* User Groups Filled-50.png */ = {isa = PBXFileReference; lastKnownFileType = image.png; name = "User Groups Filled-50.png"; path = "images/User Groups Filled-50.png"; sourceTree = SOURCE_ROOT; };
		BDE6C7561EDE9C6300CBEC06 /* User Groups-50.png */ = {isa = PBXFileReference; lastKnownFileType = image.png; name = "User Groups-50.png"; path = "images/User Groups-50.png"; sourceTree = SOURCE_ROOT; };
		BDE6C7591EDE9F7300CBEC06 /* Hockey Filled-50.png */ = {isa = PBXFileReference; lastKnownFileType = image.png; name = "Hockey Filled-50.png"; path = "images/Hockey Filled-50.png"; sourceTree = SOURCE_ROOT; };
		BDE6C75A1EDE9F7300CBEC06 /* Hockey-50.png */ = {isa = PBXFileReference; lastKnownFileType = image.png; name = "Hockey-50.png"; path = "images/Hockey-50.png"; sourceTree = SOURCE_ROOT; };
		BDFADF5E1EDE8E0200E196F1 /* Teams Filled-50.png */ = {isa = PBXFileReference; lastKnownFileType = image.png; name = "Teams Filled-50.png"; path = "images/Teams Filled-50.png"; sourceTree = SOURCE_ROOT; };
		BDFADF5F1EDE8E0200E196F1 /* Teams-50.png */ = {isa = PBXFileReference; lastKnownFileType = image.png; name = "Teams-50.png"; path = "images/Teams-50.png"; sourceTree = SOURCE_ROOT; };
/* End PBXFileReference section */

/* Begin PBXFrameworksBuildPhase section */
		08DC67C61DD0158400FD688C /* Frameworks */ = {
			isa = PBXFrameworksBuildPhase;
			buildActionMask = 2147483647;
			files = (
				2E080F011A63B2F611321BF4 /* Pods_Scoreboard.framework in Frameworks */,
			);
			runOnlyForDeploymentPostprocessing = 0;
		};
		08DC67DA1DD0158400FD688C /* Frameworks */ = {
			isa = PBXFrameworksBuildPhase;
			buildActionMask = 2147483647;
			files = (
				6150424D802DF74CEFDE134F /* Pods_ScoreboardTests.framework in Frameworks */,
			);
			runOnlyForDeploymentPostprocessing = 0;
		};
		08DC67E51DD0158400FD688C /* Frameworks */ = {
			isa = PBXFrameworksBuildPhase;
			buildActionMask = 2147483647;
			files = (
				6181E22E9E500DC3B062E3C3 /* Pods_ScoreboardUITests.framework in Frameworks */,
			);
			runOnlyForDeploymentPostprocessing = 0;
		};
/* End PBXFrameworksBuildPhase section */

/* Begin PBXGroup section */
		006DA2DAF177F2428C2E3EDB /* Frameworks */ = {
			isa = PBXGroup;
			children = (
				67422FD65D35FC9CD1E51A3E /* Pods_Scoreboard.framework */,
				3B4FDD987B3DD84C400408C5 /* Pods_ScoreboardTests.framework */,
				1164CA3C95F7123926375574 /* Pods_ScoreboardUITests.framework */,
			);
			name = Frameworks;
			sourceTree = "<group>";
		};
		0813D7441EA5C1E500E5A9CC /* Storyboards */ = {
			isa = PBXGroup;
			children = (
				08DC67D01DD0158400FD688C /* Main.storyboard */,
				0832C9A51EC5421800EDEA3E /* Scoreboard.storyboard */,
				08DC67D51DD0158400FD688C /* LaunchScreen.storyboard */,
			);
			name = Storyboards;
			sourceTree = "<group>";
		};
		0813D7451EA5C20800E5A9CC /* Fonts */ = {
			isa = PBXGroup;
			children = (
				0889CFA51E00D8CD00B97075 /* digital-7.ttf */,
			);
			name = Fonts;
			sourceTree = "<group>";
		};
		081681291DD0261700A53DE3 /* ViewControllers */ = {
			isa = PBXGroup;
			children = (
				081681271DD025B700A53DE3 /* GamesListViewController.swift */,
				081681251DD0217C00A53DE3 /* ScoreboardViewController.swift */,
				0816812F1DD0297F00A53DE3 /* ScoreListViewController.swift */,
				08F087C01DD14BAB006E5963 /* PenaltyListViewController.swift */,
				08849B061DE8E5F800DE41DB /* RosterViewController.swift */,
				085A7F3A1EE4FB27003CE989 /* SettingsViewController.swift */,
				085A7F4D1EE521F6003CE989 /* MyClubPopUpView.swift */,
				085A7F4F1EE52A53003CE989 /* MyTeamPopUpView.swift */,
				08F2938D1EE8FD85005D09CF /* MyClubViewController.swift */,
				08F2938F1EE90190005D09CF /* MyTeamViewController.swift */,
				082EAEE51EEE232F005BDEFF /* PopUpPresenter.swift */,
			);
			name = ViewControllers;
			sourceTree = "<group>";
		};
		0816812A1DD0265E00A53DE3 /* TableCells */ = {
			isa = PBXGroup;
			children = (
				0832C9AA1EC54F0E00EDEA3E /* GameCell.xib */,
				0816812B1DD0268300A53DE3 /* GameTableViewCell.swift */,
				08F087BE1DD14A6C006E5963 /* ScoreListTableViewCell.swift */,
				08F087C21DD14BFE006E5963 /* PenaltyListTableViewCell.swift */,
				08849B081DE8E7D300DE41DB /* RosterTableViewCell.swift */,
				0889CFC61E00F7E700B97075 /* GameCell.swift */,
				085A7F3D1EE500C8003CE989 /* SoundTableViewCell.swift */,
				085A7F411EE502C7003CE989 /* ScreenSaverTableViewCell.swift */,
				085A7F451EE5041B003CE989 /* MyClubCell.swift */,
				085A7F491EE50497003CE989 /* MyTeamCell.swift */,
				085A7F421EE502C7003CE989 /* ScreenSaverTableViewCell.xib */,
				085A7F3E1EE500C8003CE989 /* SoundTableViewCell.xib */,
				085A7F461EE5041B003CE989 /* MyClubCell.xib */,
				085A7F4A1EE50497003CE989 /* MyTeamCell.xib */,
				08F863EA1EECAEE40038AC6D /* ClubCell.swift */,
				08F863EB1EECAEE40038AC6D /* ClubCell.xib */,
				08F863EE1EECAF230038AC6D /* TeamCell.swift */,
				08F863EF1EECAF230038AC6D /* TeamCell.xib */,
			);
			name = TableCells;
			sourceTree = "<group>";
		};
		0888BA071DD159D300C2B1F9 /* Models */ = {
			isa = PBXGroup;
			children = (
				0888BA081DD159ED00C2B1F9 /* GameModel.swift */,
				08AB57C41DD16B7A00E354E4 /* ScoreModel.swift */,
				08AB57C61DD16C1800E354E4 /* PlayerModel.swift */,
				08AB58041DD172D100E354E4 /* PenaltyModel.swift */,
				089089C91DE29DF100EAEDB4 /* ScoreboardModel.swift */,
				08F863E61EEC87FC0038AC6D /* UserSettings.swift */,
			);
			name = Models;
			sourceTree = "<group>";
		};
		0889CFA71E00D8E600B97075 /* Resources */ = {
			isa = PBXGroup;
			children = (
				08DC67D31DD0158400FD688C /* Assets.xcassets */,
				08DC67D81DD0158400FD688C /* Info.plist */,
				08D935111DE4F74E002A63DE /* Scoreboard-Bridging-Header.h */,
				0813D7451EA5C20800E5A9CC /* Fonts */,
				0895A3531E039BA400B2FC8B /* sounds */,
				0889CFC21E00DEFD00B97075 /* images */,
			);
			name = Resources;
			sourceTree = "<group>";
		};
		0889CFC21E00DEFD00B97075 /* images */ = {
			isa = PBXGroup;
			children = (
				BDFADF621EDE8E0600E196F1 /* tab bar icons */,
				BDC55CDC1ED5736200A2D1AB /* background-ice1.jpg */,
				08264A991EC58EDF00D46C02 /* CAHALogoMain.png */,
				0889CFA81E00DEE300B97075 /* blue-devils-logo.jpg */,
				0889CFA91E00DEE300B97075 /* capital-thunder-logo.gif */,
				0889CFAA1E00DEE300B97075 /* cougars-logo.jpg */,
				0889CFAB1E00DEE300B97075 /* fresno-monsters-logo.jpg */,
				0889CFAC1E00DEE300B97075 /* jr-sharks-logo.jpg */,
				BD27855A1ED55F19009F702E /* norcal logo_circle.png */,
				BD2785581ED55F0B009F702E /* norcal logo-splash screen.png */,
				0889CFAD1E00DEE300B97075 /* oakland-bears-logo.jpg */,
				0889CFAE1E00DEE300B97075 /* redwood-city-blackstars-logo.jpg */,
				0889CFAF1E00DEE300B97075 /* santa-clara-blackhaws-logo.gif */,
				0889CFB01E00DEE300B97075 /* santa-rosa-flyers-logo.jpg */,
				0889CFB11E00DEE300B97075 /* sf-sabercats-logo.png */,
				0889CFB21E00DEE300B97075 /* stockton-colts-logo.gif */,
				0889CFB31E00DEE300B97075 /* tahoe-grizzlies-logo.jpg */,
				0889CFB41E00DEE300B97075 /* vacaville-jets-logo.jpg */,
			);
			name = images;
			sourceTree = "<group>";
		};
		0895A3531E039BA400B2FC8B /* sounds */ = {
			isa = PBXGroup;
			children = (
				0895A3581E03A23000B2FC8B /* goal-horn.mp3 */,
			);
			name = sounds;
			sourceTree = "<group>";
		};
		08DC67C01DD0158400FD688C = {
			isa = PBXGroup;
			children = (
				006DA2DAF177F2428C2E3EDB /* Frameworks */,
				D56EC017AA9F5A6B63F5C0B3 /* Pods */,
				08DC67CA1DD0158400FD688C /* Products */,
				08DC67CB1DD0158400FD688C /* Scoreboard */,
				08DC67E01DD0158400FD688C /* ScoreboardTests */,
				08DC67EB1DD0158400FD688C /* ScoreboardUITests */,
			);
			sourceTree = "<group>";
		};
		08DC67CA1DD0158400FD688C /* Products */ = {
			isa = PBXGroup;
			children = (
				08DC67C91DD0158400FD688C /* Scoreboard.app */,
				08DC67DD1DD0158400FD688C /* ScoreboardTests.xctest */,
				08DC67E81DD0158400FD688C /* ScoreboardUITests.xctest */,
			);
			name = Products;
			sourceTree = "<group>";
		};
		08DC67CB1DD0158400FD688C /* Scoreboard */ = {
			isa = PBXGroup;
			children = (
				08DC67CC1DD0158400FD688C /* AppDelegate.swift */,
				0888BA071DD159D300C2B1F9 /* Models */,
				0889CFA71E00D8E600B97075 /* Resources */,
				0813D7441EA5C1E500E5A9CC /* Storyboards */,
				0816812A1DD0265E00A53DE3 /* TableCells */,
				08EB6E571DDFD0610043CFA9 /* Utility */,
				081681291DD0261700A53DE3 /* ViewControllers */,
			);
			path = Scoreboard;
			sourceTree = "<group>";
		};
		08DC67E01DD0158400FD688C /* ScoreboardTests */ = {
			isa = PBXGroup;
			children = (
				08DC67E31DD0158400FD688C /* Info.plist */,
				08F863E81EEC92160038AC6D /* UserSettingsTests.swift */,
			);
			path = ScoreboardTests;
			sourceTree = "<group>";
		};
		08DC67EB1DD0158400FD688C /* ScoreboardUITests */ = {
			isa = PBXGroup;
			children = (
				08DC67EE1DD0158400FD688C /* Info.plist */,
			);
			path = ScoreboardUITests;
			sourceTree = "<group>";
		};
		08EB6E571DDFD0610043CFA9 /* Utility */ = {
			isa = PBXGroup;
			children = (
				08EB6E531DDFD02E0043CFA9 /* PusherManager.swift */,
				08EB6E551DDFD04D0043CFA9 /* Constants.swift */,
				08D935141DE4F813002A63DE /* Encryptor.swift */,
				0813D7401EA5A4FF00E5A9CC /* TestPusherManager.swift */,
				0813D7421EA5A5CB00E5A9CC /* BackendManager.swift */,
			);
			name = Utility;
			sourceTree = "<group>";
		};
		BDFADF621EDE8E0600E196F1 /* tab bar icons */ = {
			isa = PBXGroup;
			children = (
				BDE6C7591EDE9F7300CBEC06 /* Hockey Filled-50.png */,
				BDE6C75A1EDE9F7300CBEC06 /* Hockey-50.png */,
				BDE6C7551EDE9C6300CBEC06 /* User Groups Filled-50.png */,
				BDE6C7561EDE9C6300CBEC06 /* User Groups-50.png */,
				BDE6C7511EDE9C4D00CBEC06 /* Settings Filled-50.png */,
				BDE6C7521EDE9C4D00CBEC06 /* Settings-50.png */,
				BDFADF5E1EDE8E0200E196F1 /* Teams Filled-50.png */,
				BDFADF5F1EDE8E0200E196F1 /* Teams-50.png */,
			);
			name = "tab bar icons";
			sourceTree = "<group>";
		};
		D56EC017AA9F5A6B63F5C0B3 /* Pods */ = {
			isa = PBXGroup;
			children = (
				90B036ADD5DC301BCF30F1E2 /* Pods-Scoreboard.debug.xcconfig */,
				2EBB742F0C2B27800DA38D01 /* Pods-Scoreboard.release.xcconfig */,
				404755C3A2A8A1A6004B241A /* Pods-ScoreboardTests.debug.xcconfig */,
				500103741FFD797ECCDDAFC2 /* Pods-ScoreboardTests.release.xcconfig */,
				8D255264F93151359986B038 /* Pods-ScoreboardUITests.debug.xcconfig */,
				65A304582248724A5A7DF063 /* Pods-ScoreboardUITests.release.xcconfig */,
			);
			name = Pods;
			sourceTree = "<group>";
		};
/* End PBXGroup section */

/* Begin PBXNativeTarget section */
		08DC67C81DD0158400FD688C /* Scoreboard */ = {
			isa = PBXNativeTarget;
			buildConfigurationList = 08DC67F11DD0158400FD688C /* Build configuration list for PBXNativeTarget "Scoreboard" */;
			buildPhases = (
				010C495529B15475A1A85EA8 /* [CP] Check Pods Manifest.lock */,
				08DC67C51DD0158400FD688C /* Sources */,
				08DC67C61DD0158400FD688C /* Frameworks */,
				08DC67C71DD0158400FD688C /* Resources */,
				6CAF292874CFBDEC6977368D /* [CP] Embed Pods Frameworks */,
				B15D4C115C25377EA4BE5D18 /* [CP] Copy Pods Resources */,
			);
			buildRules = (
			);
			dependencies = (
			);
			name = Scoreboard;
			productName = Scoreboard;
			productReference = 08DC67C91DD0158400FD688C /* Scoreboard.app */;
			productType = "com.apple.product-type.application";
		};
		08DC67DC1DD0158400FD688C /* ScoreboardTests */ = {
			isa = PBXNativeTarget;
			buildConfigurationList = 08DC67F41DD0158400FD688C /* Build configuration list for PBXNativeTarget "ScoreboardTests" */;
			buildPhases = (
				6BEF46D9A236469E61F9FD1E /* [CP] Check Pods Manifest.lock */,
				08DC67D91DD0158400FD688C /* Sources */,
				08DC67DA1DD0158400FD688C /* Frameworks */,
				08DC67DB1DD0158400FD688C /* Resources */,
				3869CD8C1051C0FDB549C6E5 /* [CP] Embed Pods Frameworks */,
				52AD8785255D7A22843D9D5D /* [CP] Copy Pods Resources */,
			);
			buildRules = (
			);
			dependencies = (
				08DC67DF1DD0158400FD688C /* PBXTargetDependency */,
			);
			name = ScoreboardTests;
			productName = ScoreboardTests;
			productReference = 08DC67DD1DD0158400FD688C /* ScoreboardTests.xctest */;
			productType = "com.apple.product-type.bundle.unit-test";
		};
		08DC67E71DD0158400FD688C /* ScoreboardUITests */ = {
			isa = PBXNativeTarget;
			buildConfigurationList = 08DC67F71DD0158400FD688C /* Build configuration list for PBXNativeTarget "ScoreboardUITests" */;
			buildPhases = (
				106EA1CF9B0590293FEE9C34 /* [CP] Check Pods Manifest.lock */,
				08DC67E41DD0158400FD688C /* Sources */,
				08DC67E51DD0158400FD688C /* Frameworks */,
				08DC67E61DD0158400FD688C /* Resources */,
				40CB8D7AE9A95DC5F68D1628 /* [CP] Embed Pods Frameworks */,
				049F0D3A0BD9C3E96784260E /* [CP] Copy Pods Resources */,
			);
			buildRules = (
			);
			dependencies = (
				08DC67EA1DD0158400FD688C /* PBXTargetDependency */,
			);
			name = ScoreboardUITests;
			productName = ScoreboardUITests;
			productReference = 08DC67E81DD0158400FD688C /* ScoreboardUITests.xctest */;
			productType = "com.apple.product-type.bundle.ui-testing";
		};
/* End PBXNativeTarget section */

/* Begin PBXProject section */
		08DC67C11DD0158400FD688C /* Project object */ = {
			isa = PBXProject;
			attributes = {
				LastSwiftUpdateCheck = 0810;
				LastUpgradeCheck = 0830;
				ORGANIZATIONNAME = "T.J. Stone";
				TargetAttributes = {
					08DC67C81DD0158400FD688C = {
						CreatedOnToolsVersion = 8.1;
						DevelopmentTeam = 735DFD3LP6;
						LastSwiftMigration = 0810;
						ProvisioningStyle = Automatic;
						SystemCapabilities = {
							com.apple.BackgroundModes = {
								enabled = 1;
							};
						};
					};
					08DC67DC1DD0158400FD688C = {
						CreatedOnToolsVersion = 8.1;
						DevelopmentTeam = 735DFD3LP6;
						ProvisioningStyle = Automatic;
						TestTargetID = 08DC67C81DD0158400FD688C;
					};
					08DC67E71DD0158400FD688C = {
						CreatedOnToolsVersion = 8.1;
						DevelopmentTeam = 735DFD3LP6;
						ProvisioningStyle = Automatic;
						TestTargetID = 08DC67C81DD0158400FD688C;
					};
				};
			};
			buildConfigurationList = 08DC67C41DD0158400FD688C /* Build configuration list for PBXProject "Scoreboard" */;
			compatibilityVersion = "Xcode 3.2";
			developmentRegion = English;
			hasScannedForEncodings = 0;
			knownRegions = (
				en,
				Base,
			);
			mainGroup = 08DC67C01DD0158400FD688C;
			productRefGroup = 08DC67CA1DD0158400FD688C /* Products */;
			projectDirPath = "";
			projectRoot = "";
			targets = (
				08DC67C81DD0158400FD688C /* Scoreboard */,
				08DC67DC1DD0158400FD688C /* ScoreboardTests */,
				08DC67E71DD0158400FD688C /* ScoreboardUITests */,
			);
		};
/* End PBXProject section */

/* Begin PBXResourcesBuildPhase section */
		08DC67C71DD0158400FD688C /* Resources */ = {
			isa = PBXResourcesBuildPhase;
			buildActionMask = 2147483647;
			files = (
				08DC67D71DD0158400FD688C /* LaunchScreen.storyboard in Resources */,
				BDFADF601EDE8E0200E196F1 /* Teams Filled-50.png in Resources */,
				085A7F4C1EE50497003CE989 /* MyTeamCell.xib in Resources */,
				08264A9A1EC58EDF00D46C02 /* CAHALogoMain.png in Resources */,
				0889CFBD1E00DEE300B97075 /* santa-rosa-flyers-logo.jpg in Resources */,
				08F863ED1EECAEE40038AC6D /* ClubCell.xib in Resources */,
				0889CFBE1E00DEE300B97075 /* sf-sabercats-logo.png in Resources */,
				08DDE0621EDE7D96004166BC /* Hockey Filled-50.png in Resources */,
				0889CFB51E00DEE300B97075 /* blue-devils-logo.jpg in Resources */,
				0895A3591E03A23000B2FC8B /* goal-horn.mp3 in Resources */,
				0889CFB81E00DEE300B97075 /* fresno-monsters-logo.jpg in Resources */,
				08DC67D41DD0158400FD688C /* Assets.xcassets in Resources */,
				0832C9A71EC5421800EDEA3E /* Scoreboard.storyboard in Resources */,
				BDE6C7531EDE9C4D00CBEC06 /* Settings Filled-50.png in Resources */,
				BDE6C7571EDE9C6300CBEC06 /* User Groups Filled-50.png in Resources */,
				0889CFC01E00DEE300B97075 /* tahoe-grizzlies-logo.jpg in Resources */,
				0889CFB71E00DEE300B97075 /* cougars-logo.jpg in Resources */,
				0889CFC11E00DEE300B97075 /* vacaville-jets-logo.jpg in Resources */,
				0832C9AB1EC54F0E00EDEA3E /* GameCell.xib in Resources */,
				BD27855B1ED55F19009F702E /* norcal logo_circle.png in Resources */,
				BDFADF611EDE8E0200E196F1 /* Teams-50.png in Resources */,
				085A7F401EE500C8003CE989 /* SoundTableViewCell.xib in Resources */,
				0889CFBF1E00DEE300B97075 /* stockton-colts-logo.gif in Resources */,
				08DDE0631EDE7D96004166BC /* Hockey-50.png in Resources */,
				0889CFB91E00DEE300B97075 /* jr-sharks-logo.jpg in Resources */,
				08DC67D21DD0158400FD688C /* Main.storyboard in Resources */,
				BDC55CDD1ED5736200A2D1AB /* background-ice1.jpg in Resources */,
				BDE6C7541EDE9C4D00CBEC06 /* Settings-50.png in Resources */,
				085A7F481EE5041B003CE989 /* MyClubCell.xib in Resources */,
				0889CFBB1E00DEE300B97075 /* redwood-city-blackstars-logo.jpg in Resources */,
				085A7F441EE502C7003CE989 /* ScreenSaverTableViewCell.xib in Resources */,
				0889CFBC1E00DEE300B97075 /* santa-clara-blackhaws-logo.gif in Resources */,
				0889CFBA1E00DEE300B97075 /* oakland-bears-logo.jpg in Resources */,
				BDE6C7581EDE9C6300CBEC06 /* User Groups-50.png in Resources */,
				08F863F11EECAF230038AC6D /* TeamCell.xib in Resources */,
				0889CFA61E00D8CD00B97075 /* digital-7.ttf in Resources */,
				BD2785591ED55F0B009F702E /* norcal logo-splash screen.png in Resources */,
				0889CFB61E00DEE300B97075 /* capital-thunder-logo.gif in Resources */,
			);
			runOnlyForDeploymentPostprocessing = 0;
		};
		08DC67DB1DD0158400FD688C /* Resources */ = {
			isa = PBXResourcesBuildPhase;
			buildActionMask = 2147483647;
			files = (
			);
			runOnlyForDeploymentPostprocessing = 0;
		};
		08DC67E61DD0158400FD688C /* Resources */ = {
			isa = PBXResourcesBuildPhase;
			buildActionMask = 2147483647;
			files = (
			);
			runOnlyForDeploymentPostprocessing = 0;
		};
/* End PBXResourcesBuildPhase section */

/* Begin PBXShellScriptBuildPhase section */
		010C495529B15475A1A85EA8 /* [CP] Check Pods Manifest.lock */ = {
			isa = PBXShellScriptBuildPhase;
			buildActionMask = 2147483647;
			files = (
			);
			inputPaths = (
			);
			name = "[CP] Check Pods Manifest.lock";
			outputPaths = (
			);
			runOnlyForDeploymentPostprocessing = 0;
			shellPath = /bin/sh;
			shellScript = "diff \"${PODS_PODFILE_DIR_PATH}/Podfile.lock\" \"${PODS_ROOT}/Manifest.lock\" > /dev/null\nif [ $? != 0 ] ; then\n    # print error to STDERR\n    echo \"error: The sandbox is not in sync with the Podfile.lock. Run 'pod install' or update your CocoaPods installation.\" >&2\n    exit 1\nfi\n";
			showEnvVarsInLog = 0;
		};
		049F0D3A0BD9C3E96784260E /* [CP] Copy Pods Resources */ = {
			isa = PBXShellScriptBuildPhase;
			buildActionMask = 2147483647;
			files = (
			);
			inputPaths = (
			);
			name = "[CP] Copy Pods Resources";
			outputPaths = (
			);
			runOnlyForDeploymentPostprocessing = 0;
			shellPath = /bin/sh;
			shellScript = "\"${SRCROOT}/Pods/Target Support Files/Pods-ScoreboardUITests/Pods-ScoreboardUITests-resources.sh\"\n";
			showEnvVarsInLog = 0;
		};
		106EA1CF9B0590293FEE9C34 /* [CP] Check Pods Manifest.lock */ = {
			isa = PBXShellScriptBuildPhase;
			buildActionMask = 2147483647;
			files = (
			);
			inputPaths = (
			);
			name = "[CP] Check Pods Manifest.lock";
			outputPaths = (
			);
			runOnlyForDeploymentPostprocessing = 0;
			shellPath = /bin/sh;
			shellScript = "diff \"${PODS_PODFILE_DIR_PATH}/Podfile.lock\" \"${PODS_ROOT}/Manifest.lock\" > /dev/null\nif [ $? != 0 ] ; then\n    # print error to STDERR\n    echo \"error: The sandbox is not in sync with the Podfile.lock. Run 'pod install' or update your CocoaPods installation.\" >&2\n    exit 1\nfi\n";
			showEnvVarsInLog = 0;
		};
		3869CD8C1051C0FDB549C6E5 /* [CP] Embed Pods Frameworks */ = {
			isa = PBXShellScriptBuildPhase;
			buildActionMask = 2147483647;
			files = (
			);
			inputPaths = (
			);
			name = "[CP] Embed Pods Frameworks";
			outputPaths = (
			);
			runOnlyForDeploymentPostprocessing = 0;
			shellPath = /bin/sh;
			shellScript = "\"${SRCROOT}/Pods/Target Support Files/Pods-ScoreboardTests/Pods-ScoreboardTests-frameworks.sh\"\n";
			showEnvVarsInLog = 0;
		};
		40CB8D7AE9A95DC5F68D1628 /* [CP] Embed Pods Frameworks */ = {
			isa = PBXShellScriptBuildPhase;
			buildActionMask = 2147483647;
			files = (
			);
			inputPaths = (
			);
			name = "[CP] Embed Pods Frameworks";
			outputPaths = (
			);
			runOnlyForDeploymentPostprocessing = 0;
			shellPath = /bin/sh;
			shellScript = "\"${SRCROOT}/Pods/Target Support Files/Pods-ScoreboardUITests/Pods-ScoreboardUITests-frameworks.sh\"\n";
			showEnvVarsInLog = 0;
		};
		52AD8785255D7A22843D9D5D /* [CP] Copy Pods Resources */ = {
			isa = PBXShellScriptBuildPhase;
			buildActionMask = 2147483647;
			files = (
			);
			inputPaths = (
			);
			name = "[CP] Copy Pods Resources";
			outputPaths = (
			);
			runOnlyForDeploymentPostprocessing = 0;
			shellPath = /bin/sh;
			shellScript = "\"${SRCROOT}/Pods/Target Support Files/Pods-ScoreboardTests/Pods-ScoreboardTests-resources.sh\"\n";
			showEnvVarsInLog = 0;
		};
		6BEF46D9A236469E61F9FD1E /* [CP] Check Pods Manifest.lock */ = {
			isa = PBXShellScriptBuildPhase;
			buildActionMask = 2147483647;
			files = (
			);
			inputPaths = (
			);
			name = "[CP] Check Pods Manifest.lock";
			outputPaths = (
			);
			runOnlyForDeploymentPostprocessing = 0;
			shellPath = /bin/sh;
			shellScript = "diff \"${PODS_PODFILE_DIR_PATH}/Podfile.lock\" \"${PODS_ROOT}/Manifest.lock\" > /dev/null\nif [ $? != 0 ] ; then\n    # print error to STDERR\n    echo \"error: The sandbox is not in sync with the Podfile.lock. Run 'pod install' or update your CocoaPods installation.\" >&2\n    exit 1\nfi\n";
			showEnvVarsInLog = 0;
		};
		6CAF292874CFBDEC6977368D /* [CP] Embed Pods Frameworks */ = {
			isa = PBXShellScriptBuildPhase;
			buildActionMask = 2147483647;
			files = (
			);
			inputPaths = (
			);
			name = "[CP] Embed Pods Frameworks";
			outputPaths = (
			);
			runOnlyForDeploymentPostprocessing = 0;
			shellPath = /bin/sh;
			shellScript = "\"${SRCROOT}/Pods/Target Support Files/Pods-Scoreboard/Pods-Scoreboard-frameworks.sh\"\n";
			showEnvVarsInLog = 0;
		};
		B15D4C115C25377EA4BE5D18 /* [CP] Copy Pods Resources */ = {
			isa = PBXShellScriptBuildPhase;
			buildActionMask = 2147483647;
			files = (
			);
			inputPaths = (
			);
			name = "[CP] Copy Pods Resources";
			outputPaths = (
			);
			runOnlyForDeploymentPostprocessing = 0;
			shellPath = /bin/sh;
			shellScript = "\"${SRCROOT}/Pods/Target Support Files/Pods-Scoreboard/Pods-Scoreboard-resources.sh\"\n";
			showEnvVarsInLog = 0;
		};
/* End PBXShellScriptBuildPhase section */

/* Begin PBXSourcesBuildPhase section */
		08DC67C51DD0158400FD688C /* Sources */ = {
			isa = PBXSourcesBuildPhase;
			buildActionMask = 2147483647;
			files = (
				0813D7431EA5A5CB00E5A9CC /* BackendManager.swift in Sources */,
				085A7F4E1EE521F6003CE989 /* MyClubPopUpView.swift in Sources */,
				08D935151DE4F813002A63DE /* Encryptor.swift in Sources */,
				08F293901EE90190005D09CF /* MyTeamViewController.swift in Sources */,
				08AB57C51DD16B7A00E354E4 /* ScoreModel.swift in Sources */,
				08AB57C71DD16C1800E354E4 /* PlayerModel.swift in Sources */,
				081681281DD025B700A53DE3 /* GamesListViewController.swift in Sources */,
				089089CA1DE29DF100EAEDB4 /* ScoreboardModel.swift in Sources */,
				085A7F3F1EE500C8003CE989 /* SoundTableViewCell.swift in Sources */,
				081681261DD0217C00A53DE3 /* ScoreboardViewController.swift in Sources */,
				0888BA091DD159ED00C2B1F9 /* GameModel.swift in Sources */,
				082EAEE61EEE232F005BDEFF /* PopUpPresenter.swift in Sources */,
				08DC67CD1DD0158400FD688C /* AppDelegate.swift in Sources */,
				08849B071DE8E5F800DE41DB /* RosterViewController.swift in Sources */,
				0816812C1DD0268300A53DE3 /* GameTableViewCell.swift in Sources */,
				08F087C11DD14BAB006E5963 /* PenaltyListViewController.swift in Sources */,
				08F863EC1EECAEE40038AC6D /* ClubCell.swift in Sources */,
				08F087C31DD14BFE006E5963 /* PenaltyListTableViewCell.swift in Sources */,
				085A7F4B1EE50497003CE989 /* MyTeamCell.swift in Sources */,
				085A7F3B1EE4FB27003CE989 /* SettingsViewController.swift in Sources */,
				08F087BF1DD14A6C006E5963 /* ScoreListTableViewCell.swift in Sources */,
				08EB6E541DDFD02E0043CFA9 /* PusherManager.swift in Sources */,
				08849B091DE8E7D300DE41DB /* RosterTableViewCell.swift in Sources */,
				08EB6E561DDFD04D0043CFA9 /* Constants.swift in Sources */,
				08F863E71EEC87FC0038AC6D /* UserSettings.swift in Sources */,
				08F2938E1EE8FD85005D09CF /* MyClubViewController.swift in Sources */,
				0813D7411EA5A4FF00E5A9CC /* TestPusherManager.swift in Sources */,
				08F863F01EECAF230038AC6D /* TeamCell.swift in Sources */,
				0889CFC71E00F7E700B97075 /* GameCell.swift in Sources */,
				085A7F431EE502C7003CE989 /* ScreenSaverTableViewCell.swift in Sources */,
				085A7F501EE52A53003CE989 /* MyTeamPopUpView.swift in Sources */,
				081681301DD0297F00A53DE3 /* ScoreListViewController.swift in Sources */,
				085A7F471EE5041B003CE989 /* MyClubCell.swift in Sources */,
				08AB58051DD172D100E354E4 /* PenaltyModel.swift in Sources */,
			);
			runOnlyForDeploymentPostprocessing = 0;
		};
		08DC67D91DD0158400FD688C /* Sources */ = {
			isa = PBXSourcesBuildPhase;
			buildActionMask = 2147483647;
			files = (
				08F863E91EEC92160038AC6D /* UserSettingsTests.swift in Sources */,
			);
			runOnlyForDeploymentPostprocessing = 0;
		};
		08DC67E41DD0158400FD688C /* Sources */ = {
			isa = PBXSourcesBuildPhase;
			buildActionMask = 2147483647;
			files = (
			);
			runOnlyForDeploymentPostprocessing = 0;
		};
/* End PBXSourcesBuildPhase section */

/* Begin PBXTargetDependency section */
		08DC67DF1DD0158400FD688C /* PBXTargetDependency */ = {
			isa = PBXTargetDependency;
			target = 08DC67C81DD0158400FD688C /* Scoreboard */;
			targetProxy = 08DC67DE1DD0158400FD688C /* PBXContainerItemProxy */;
		};
		08DC67EA1DD0158400FD688C /* PBXTargetDependency */ = {
			isa = PBXTargetDependency;
			target = 08DC67C81DD0158400FD688C /* Scoreboard */;
			targetProxy = 08DC67E91DD0158400FD688C /* PBXContainerItemProxy */;
		};
/* End PBXTargetDependency section */

/* Begin PBXVariantGroup section */
		0832C9A51EC5421800EDEA3E /* Scoreboard.storyboard */ = {
			isa = PBXVariantGroup;
			children = (
				0832C9A61EC5421800EDEA3E /* Base */,
			);
			name = Scoreboard.storyboard;
			sourceTree = "<group>";
		};
		08DC67D01DD0158400FD688C /* Main.storyboard */ = {
			isa = PBXVariantGroup;
			children = (
				08DC67D11DD0158400FD688C /* Base */,
			);
			name = Main.storyboard;
			sourceTree = "<group>";
		};
		08DC67D51DD0158400FD688C /* LaunchScreen.storyboard */ = {
			isa = PBXVariantGroup;
			children = (
				08DC67D61DD0158400FD688C /* Base */,
			);
			name = LaunchScreen.storyboard;
			sourceTree = "<group>";
		};
/* End PBXVariantGroup section */

/* Begin XCBuildConfiguration section */
		08DC67EF1DD0158400FD688C /* Debug */ = {
			isa = XCBuildConfiguration;
			buildSettings = {
				ALWAYS_SEARCH_USER_PATHS = NO;
				CLANG_ANALYZER_NONNULL = YES;
				CLANG_CXX_LANGUAGE_STANDARD = "gnu++0x";
				CLANG_CXX_LIBRARY = "libc++";
				CLANG_ENABLE_MODULES = YES;
				CLANG_ENABLE_OBJC_ARC = YES;
				CLANG_WARN_BOOL_CONVERSION = YES;
				CLANG_WARN_CONSTANT_CONVERSION = YES;
				CLANG_WARN_DIRECT_OBJC_ISA_USAGE = YES_ERROR;
				CLANG_WARN_DOCUMENTATION_COMMENTS = YES;
				CLANG_WARN_EMPTY_BODY = YES;
				CLANG_WARN_ENUM_CONVERSION = YES;
				CLANG_WARN_INFINITE_RECURSION = YES;
				CLANG_WARN_INT_CONVERSION = YES;
				CLANG_WARN_OBJC_ROOT_CLASS = YES_ERROR;
				CLANG_WARN_SUSPICIOUS_MOVE = YES;
				CLANG_WARN_SUSPICIOUS_MOVES = YES;
				CLANG_WARN_UNREACHABLE_CODE = YES;
				CLANG_WARN__DUPLICATE_METHOD_MATCH = YES;
				"CODE_SIGN_IDENTITY[sdk=iphoneos*]" = "iPhone Developer";
				COPY_PHASE_STRIP = NO;
				DEBUG_INFORMATION_FORMAT = dwarf;
				ENABLE_STRICT_OBJC_MSGSEND = YES;
				ENABLE_TESTABILITY = YES;
				GCC_C_LANGUAGE_STANDARD = gnu99;
				GCC_DYNAMIC_NO_PIC = NO;
				GCC_NO_COMMON_BLOCKS = YES;
				GCC_OPTIMIZATION_LEVEL = 0;
				GCC_PREPROCESSOR_DEFINITIONS = (
					"DEBUG=1",
					"$(inherited)",
				);
				GCC_WARN_64_TO_32_BIT_CONVERSION = YES;
				GCC_WARN_ABOUT_RETURN_TYPE = YES_ERROR;
				GCC_WARN_UNDECLARED_SELECTOR = YES;
				GCC_WARN_UNINITIALIZED_AUTOS = YES_AGGRESSIVE;
				GCC_WARN_UNUSED_FUNCTION = YES;
				GCC_WARN_UNUSED_VARIABLE = YES;
				IPHONEOS_DEPLOYMENT_TARGET = 10.1;
				MTL_ENABLE_DEBUG_INFO = YES;
				ONLY_ACTIVE_ARCH = YES;
				SDKROOT = iphoneos;
				SWIFT_ACTIVE_COMPILATION_CONDITIONS = DEBUG;
				SWIFT_OPTIMIZATION_LEVEL = "-Onone";
				TARGETED_DEVICE_FAMILY = "1,2";
			};
			name = Debug;
		};
		08DC67F01DD0158400FD688C /* Release */ = {
			isa = XCBuildConfiguration;
			buildSettings = {
				ALWAYS_SEARCH_USER_PATHS = NO;
				CLANG_ANALYZER_NONNULL = YES;
				CLANG_CXX_LANGUAGE_STANDARD = "gnu++0x";
				CLANG_CXX_LIBRARY = "libc++";
				CLANG_ENABLE_MODULES = YES;
				CLANG_ENABLE_OBJC_ARC = YES;
				CLANG_WARN_BOOL_CONVERSION = YES;
				CLANG_WARN_CONSTANT_CONVERSION = YES;
				CLANG_WARN_DIRECT_OBJC_ISA_USAGE = YES_ERROR;
				CLANG_WARN_DOCUMENTATION_COMMENTS = YES;
				CLANG_WARN_EMPTY_BODY = YES;
				CLANG_WARN_ENUM_CONVERSION = YES;
				CLANG_WARN_INFINITE_RECURSION = YES;
				CLANG_WARN_INT_CONVERSION = YES;
				CLANG_WARN_OBJC_ROOT_CLASS = YES_ERROR;
				CLANG_WARN_SUSPICIOUS_MOVE = YES;
				CLANG_WARN_SUSPICIOUS_MOVES = YES;
				CLANG_WARN_UNREACHABLE_CODE = YES;
				CLANG_WARN__DUPLICATE_METHOD_MATCH = YES;
				"CODE_SIGN_IDENTITY[sdk=iphoneos*]" = "iPhone Developer";
				COPY_PHASE_STRIP = NO;
				DEBUG_INFORMATION_FORMAT = "dwarf-with-dsym";
				ENABLE_NS_ASSERTIONS = NO;
				ENABLE_STRICT_OBJC_MSGSEND = YES;
				GCC_C_LANGUAGE_STANDARD = gnu99;
				GCC_NO_COMMON_BLOCKS = YES;
				GCC_WARN_64_TO_32_BIT_CONVERSION = YES;
				GCC_WARN_ABOUT_RETURN_TYPE = YES_ERROR;
				GCC_WARN_UNDECLARED_SELECTOR = YES;
				GCC_WARN_UNINITIALIZED_AUTOS = YES_AGGRESSIVE;
				GCC_WARN_UNUSED_FUNCTION = YES;
				GCC_WARN_UNUSED_VARIABLE = YES;
				IPHONEOS_DEPLOYMENT_TARGET = 10.1;
				MTL_ENABLE_DEBUG_INFO = NO;
				SDKROOT = iphoneos;
				SWIFT_OPTIMIZATION_LEVEL = "-Owholemodule";
				TARGETED_DEVICE_FAMILY = "1,2";
				VALIDATE_PRODUCT = YES;
			};
			name = Release;
		};
		08DC67F21DD0158400FD688C /* Debug */ = {
			isa = XCBuildConfiguration;
			baseConfigurationReference = 90B036ADD5DC301BCF30F1E2 /* Pods-Scoreboard.debug.xcconfig */;
			buildSettings = {
				ALWAYS_EMBED_SWIFT_STANDARD_LIBRARIES = YES;
				ASSETCATALOG_COMPILER_APPICON_NAME = AppIcon;
				CLANG_ENABLE_MODULES = YES;
				DEVELOPMENT_TEAM = 735DFD3LP6;
				INFOPLIST_FILE = Scoreboard/Info.plist;
				IPHONEOS_DEPLOYMENT_TARGET = 10.1;
				LD_RUNPATH_SEARCH_PATHS = "$(inherited) @executable_path/Frameworks";
				PRODUCT_BUNDLE_IDENTIFIER = com.Intranotions.Scoreboard;
				PRODUCT_NAME = "$(TARGET_NAME)";
				SWIFT_OBJC_BRIDGING_HEADER = "Scoreboard/Scoreboard-Bridging-Header.h";
				SWIFT_OPTIMIZATION_LEVEL = "-Onone";
				SWIFT_VERSION = 3.0;
			};
			name = Debug;
		};
		08DC67F31DD0158400FD688C /* Release */ = {
			isa = XCBuildConfiguration;
			baseConfigurationReference = 2EBB742F0C2B27800DA38D01 /* Pods-Scoreboard.release.xcconfig */;
			buildSettings = {
				ALWAYS_EMBED_SWIFT_STANDARD_LIBRARIES = YES;
				ASSETCATALOG_COMPILER_APPICON_NAME = AppIcon;
				CLANG_ENABLE_MODULES = YES;
				DEVELOPMENT_TEAM = 735DFD3LP6;
				INFOPLIST_FILE = Scoreboard/Info.plist;
				IPHONEOS_DEPLOYMENT_TARGET = 10.1;
				LD_RUNPATH_SEARCH_PATHS = "$(inherited) @executable_path/Frameworks";
				PRODUCT_BUNDLE_IDENTIFIER = com.Intranotions.Scoreboard;
				PRODUCT_NAME = "$(TARGET_NAME)";
				SWIFT_OBJC_BRIDGING_HEADER = "Scoreboard/Scoreboard-Bridging-Header.h";
				SWIFT_VERSION = 3.0;
			};
			name = Release;
		};
		08DC67F51DD0158400FD688C /* Debug */ = {
			isa = XCBuildConfiguration;
			baseConfigurationReference = 404755C3A2A8A1A6004B241A /* Pods-ScoreboardTests.debug.xcconfig */;
			buildSettings = {
				ALWAYS_EMBED_SWIFT_STANDARD_LIBRARIES = YES;
				BUNDLE_LOADER = "$(TEST_HOST)";
				DEVELOPMENT_TEAM = 735DFD3LP6;
				INFOPLIST_FILE = ScoreboardTests/Info.plist;
				LD_RUNPATH_SEARCH_PATHS = "$(inherited) @executable_path/Frameworks @loader_path/Frameworks";
				PRODUCT_BUNDLE_IDENTIFIER = com.Intranotions.ScoreboardTests;
				PRODUCT_NAME = "$(TARGET_NAME)";
				SWIFT_VERSION = 3.0;
				TEST_HOST = "$(BUILT_PRODUCTS_DIR)/Scoreboard.app/Scoreboard";
			};
			name = Debug;
		};
		08DC67F61DD0158400FD688C /* Release */ = {
			isa = XCBuildConfiguration;
			baseConfigurationReference = 500103741FFD797ECCDDAFC2 /* Pods-ScoreboardTests.release.xcconfig */;
			buildSettings = {
				ALWAYS_EMBED_SWIFT_STANDARD_LIBRARIES = YES;
				BUNDLE_LOADER = "$(TEST_HOST)";
				DEVELOPMENT_TEAM = 735DFD3LP6;
				INFOPLIST_FILE = ScoreboardTests/Info.plist;
				LD_RUNPATH_SEARCH_PATHS = "$(inherited) @executable_path/Frameworks @loader_path/Frameworks";
				PRODUCT_BUNDLE_IDENTIFIER = com.Intranotions.ScoreboardTests;
				PRODUCT_NAME = "$(TARGET_NAME)";
				SWIFT_VERSION = 3.0;
				TEST_HOST = "$(BUILT_PRODUCTS_DIR)/Scoreboard.app/Scoreboard";
			};
			name = Release;
		};
		08DC67F81DD0158400FD688C /* Debug */ = {
			isa = XCBuildConfiguration;
			baseConfigurationReference = 8D255264F93151359986B038 /* Pods-ScoreboardUITests.debug.xcconfig */;
			buildSettings = {
				ALWAYS_EMBED_SWIFT_STANDARD_LIBRARIES = YES;
				DEVELOPMENT_TEAM = 735DFD3LP6;
				INFOPLIST_FILE = ScoreboardUITests/Info.plist;
				LD_RUNPATH_SEARCH_PATHS = "$(inherited) @executable_path/Frameworks @loader_path/Frameworks";
				PRODUCT_BUNDLE_IDENTIFIER = com.Intranotions.ScoreboardUITests;
				PRODUCT_NAME = "$(TARGET_NAME)";
				SWIFT_VERSION = 3.0;
				TEST_TARGET_NAME = Scoreboard;
			};
			name = Debug;
		};
		08DC67F91DD0158400FD688C /* Release */ = {
			isa = XCBuildConfiguration;
			baseConfigurationReference = 65A304582248724A5A7DF063 /* Pods-ScoreboardUITests.release.xcconfig */;
			buildSettings = {
				ALWAYS_EMBED_SWIFT_STANDARD_LIBRARIES = YES;
				DEVELOPMENT_TEAM = 735DFD3LP6;
				INFOPLIST_FILE = ScoreboardUITests/Info.plist;
				LD_RUNPATH_SEARCH_PATHS = "$(inherited) @executable_path/Frameworks @loader_path/Frameworks";
				PRODUCT_BUNDLE_IDENTIFIER = com.Intranotions.ScoreboardUITests;
				PRODUCT_NAME = "$(TARGET_NAME)";
				SWIFT_VERSION = 3.0;
				TEST_TARGET_NAME = Scoreboard;
			};
			name = Release;
		};
/* End XCBuildConfiguration section */

/* Begin XCConfigurationList section */
		08DC67C41DD0158400FD688C /* Build configuration list for PBXProject "Scoreboard" */ = {
			isa = XCConfigurationList;
			buildConfigurations = (
				08DC67EF1DD0158400FD688C /* Debug */,
				08DC67F01DD0158400FD688C /* Release */,
			);
			defaultConfigurationIsVisible = 0;
			defaultConfigurationName = Release;
		};
		08DC67F11DD0158400FD688C /* Build configuration list for PBXNativeTarget "Scoreboard" */ = {
			isa = XCConfigurationList;
			buildConfigurations = (
				08DC67F21DD0158400FD688C /* Debug */,
				08DC67F31DD0158400FD688C /* Release */,
			);
			defaultConfigurationIsVisible = 0;
			defaultConfigurationName = Release;
		};
		08DC67F41DD0158400FD688C /* Build configuration list for PBXNativeTarget "ScoreboardTests" */ = {
			isa = XCConfigurationList;
			buildConfigurations = (
				08DC67F51DD0158400FD688C /* Debug */,
				08DC67F61DD0158400FD688C /* Release */,
			);
			defaultConfigurationIsVisible = 0;
			defaultConfigurationName = Release;
		};
		08DC67F71DD0158400FD688C /* Build configuration list for PBXNativeTarget "ScoreboardUITests" */ = {
			isa = XCConfigurationList;
			buildConfigurations = (
				08DC67F81DD0158400FD688C /* Debug */,
				08DC67F91DD0158400FD688C /* Release */,
			);
			defaultConfigurationIsVisible = 0;
			defaultConfigurationName = Release;
		};
/* End XCConfigurationList section */
	};
	rootObject = 08DC67C11DD0158400FD688C /* Project object */;
}
